
Microsoft Visual Studio Solution File, Format Version 12.00
Project("{2150E333-8FDC-42A3-9474-1A3956D46DE8}") = "src", "src", "{0A81B908-E30E-427C-ACE2-5695F972694B}"
EndProject
Project("{FAE04EC0-301F-11D3-BF4B-00C04F79EFBC}") = "WebSocketChat.Data", "WebSocketChat.Data\WebSocketChat.Data.csproj", "{D3F80BD7-A76B-4D12-9D41-2619EEBB6CB2}"
EndProject
Project("{FAE04EC0-301F-11D3-BF4B-00C04F79EFBC}") = "WebSocketChat.Api", "WebSocketChat.Api\WebSocketChat.Api.csproj", "{3765DA10-07D6-4856-8B39-311A4EE01A7B}"
EndProject
Global
	GlobalSection(SolutionConfigurationPlatforms) = preSolution
		Debug|Any CPU = Debug|Any CPU
		Release|Any CPU = Release|Any CPU
	EndGlobalSection
	GlobalSection(NestedProjects) = preSolution
		{D3F80BD7-A76B-4D12-9D41-2619EEBB6CB2} = {0A81B908-E30E-427C-ACE2-5695F972694B}
		{3765DA10-07D6-4856-8B39-311A4EE01A7B} = {0A81B908-E30E-427C-ACE2-5695F972694B}
	EndGlobalSection
	GlobalSection(ProjectConfigurationPlatforms) = postSolution
		{D3F80BD7-A76B-4D12-9D41-2619EEBB6CB2}.Debug|Any CPU.ActiveCfg = Debug|Any CPU
		{D3F80BD7-A76B-4D12-9D41-2619EEBB6CB2}.Debug|Any CPU.Build.0 = Debug|Any CPU
		{D3F80BD7-A76B-4D12-9D41-2619EEBB6CB2}.Release|Any CPU.ActiveCfg = Release|Any CPU
		{D3F80BD7-A76B-4D12-9D41-2619EEBB6CB2}.Release|Any CPU.Build.0 = Release|Any CPU
		{3765DA10-07D6-4856-8B39-311A4EE01A7B}.Debug|Any CPU.ActiveCfg = Debug|Any CPU
		{3765DA10-07D6-4856-8B39-311A4EE01A7B}.Debug|Any CPU.Build.0 = Debug|Any CPU
		{3765DA10-07D6-4856-8B39-311A4EE01A7B}.Release|Any CPU.ActiveCfg = Release|Any CPU
		{3765DA10-07D6-4856-8B39-311A4EE01A7B}.Release|Any CPU.Build.0 = Release|Any CPU
	EndGlobalSection
EndGlobal
